
Microsoft Visual Studio Solution File, Format Version 12.00
# Visual Studio Version 17
VisualStudioVersion = 17.13.35825.156 d17.13
MinimumVisualStudioVersion = 10.0.40219.1
Project("{FAE04EC0-301F-11D3-BF4B-00C04F79EFBC}") = "TaskManager", "TaskManager\TaskManager.csproj", "{3F344726-4E46-41BF-8A3B-D20098D32693}"
EndProject
Global
	GlobalSection(SolutionConfigurationPlatforms) = preSolution
		Debug|Any CPU = Debug|Any CPU
		Release|Any CPU = Release|Any CPU
	EndGlobalSection
	GlobalSection(ProjectConfigurationPlatforms) = postSolution
		{3F344726-4E46-41BF-8A3B-D20098D32693}.Debug|Any CPU.ActiveCfg = Debug|Any CPU
		{3F344726-4E46-41BF-8A3B-D20098D32693}.Debug|Any CPU.Build.0 = Debug|Any CPU
		{3F344726-4E46-41BF-8A3B-D20098D32693}.Release|Any CPU.ActiveCfg = Release|Any CPU
		{3F344726-4E46-41BF-8A3B-D20098D32693}.Release|Any CPU.Build.0 = Release|Any CPU
	EndGlobalSection
	GlobalSection(SolutionProperties) = preSolution
		HideSolutionNode = FALSE
	EndGlobalSection
	GlobalSection(ExtensibilityGlobals) = postSolution
		SolutionGuid = {6FB94AE4-1B8F-4FF2-B8B3-F1A0192F6A4D}
	EndGlobalSection
EndGlobal
